
Microsoft Visual Studio Solution File, Format Version 12.00
# Visual Studio Version 16
VisualStudioVersion = 16.0.29613.14
MinimumVisualStudioVersion = 10.0.40219.1
Project("{9A19103F-16F7-4668-BE54-9A1E7A4F7556}") = "CST-117 Milestone 1 Initial Model", "CST-117 Milestone 1\CST-117 Milestone 1 Initial Model.csproj", "{9BD02B94-5710-4EF6-9AE0-5CBE42D8DC2D}"
EndProject
Global
	GlobalSection(SolutionConfigurationPlatforms) = preSolution
		Debug|Any CPU = Debug|Any CPU
		Release|Any CPU = Release|Any CPU
	EndGlobalSection
	GlobalSection(ProjectConfigurationPlatforms) = postSolution
		{9BD02B94-5710-4EF6-9AE0-5CBE42D8DC2D}.Debug|Any CPU.ActiveCfg = Debug|Any CPU
		{9BD02B94-5710-4EF6-9AE0-5CBE42D8DC2D}.Debug|Any CPU.Build.0 = Debug|Any CPU
		{9BD02B94-5710-4EF6-9AE0-5CBE42D8DC2D}.Release|Any CPU.ActiveCfg = Release|Any CPU
		{9BD02B94-5710-4EF6-9AE0-5CBE42D8DC2D}.Release|Any CPU.Build.0 = Release|Any CPU
	EndGlobalSection
	GlobalSection(SolutionProperties) = preSolution
		HideSolutionNode = FALSE
	EndGlobalSection
	GlobalSection(ExtensibilityGlobals) = postSolution
		SolutionGuid = {EEBC9795-6E3B-482E-B46C-8310C392BADE}
	EndGlobalSection
EndGlobal
